
Microsoft Visual Studio Solution File, Format Version 12.00
# Visual Studio Version 16
VisualStudioVersion = 16.0.31613.86
MinimumVisualStudioVersion = 10.0.40219.1
Project("{FAE04EC0-301F-11D3-BF4B-00C04F79EFBC}") = "AlgoritmoGuloso", "AlgoritmoGuloso\AlgoritmoGuloso.csproj", "{4C4D92F5-32B8-44EA-B291-295D2B5D69FC}"
EndProject
Global
	GlobalSection(SolutionConfigurationPlatforms) = preSolution
		Debug|Any CPU = Debug|Any CPU
		Release|Any CPU = Release|Any CPU
	EndGlobalSection
	GlobalSection(ProjectConfigurationPlatforms) = postSolution
		{4C4D92F5-32B8-44EA-B291-295D2B5D69FC}.Debug|Any CPU.ActiveCfg = Debug|Any CPU
		{4C4D92F5-32B8-44EA-B291-295D2B5D69FC}.Debug|Any CPU.Build.0 = Debug|Any CPU
		{4C4D92F5-32B8-44EA-B291-295D2B5D69FC}.Release|Any CPU.ActiveCfg = Release|Any CPU
		{4C4D92F5-32B8-44EA-B291-295D2B5D69FC}.Release|Any CPU.Build.0 = Release|Any CPU
	EndGlobalSection
	GlobalSection(SolutionProperties) = preSolution
		HideSolutionNode = FALSE
	EndGlobalSection
	GlobalSection(ExtensibilityGlobals) = postSolution
		SolutionGuid = {F626E03F-59A8-4586-863E-B74A45864D93}
	EndGlobalSection
EndGlobal
